
Microsoft Visual Studio Solution File, Format Version 12.00
# Visual Studio 15
VisualStudioVersion = 15.0.28307.438
MinimumVisualStudioVersion = 10.0.40219.1
Project("{8BC9CEB8-8B4A-11D0-8D11-00A0C91BC942}") = "Practice1", "Practice1\Practice1.vcxproj", "{C4016761-94DD-45F6-A869-53D2C7AF50A5}"
EndProject
Project("{8BC9CEB8-8B4A-11D0-8D11-00A0C91BC942}") = "Practice2", "Practice2\Practice2.vcxproj", "{163D7858-2ED5-408D-8909-36E1E36ECD71}"
EndProject
Project("{8BC9CEB8-8B4A-11D0-8D11-00A0C91BC942}") = "Practice3", "Practice3\Practice3.vcxproj", "{7B81D65A-BAC6-4EA1-A5E8-9610983D9F3F}"
EndProject
Project("{8BC9CEB8-8B4A-11D0-8D11-00A0C91BC942}") = "Assignment1", "Assignment1\Assignment1.vcxproj", "{172CACD1-A190-4C83-B204-D74F68B55741}"
EndProject
Project("{8BC9CEB8-8B4A-11D0-8D11-00A0C91BC942}") = "Assignment2", "Assignment2\Assignment2.vcxproj", "{4F67CECD-A9F7-487F-93D6-FAB4EE4BE319}"
EndProject
Project("{8BC9CEB8-8B4A-11D0-8D11-00A0C91BC942}") = "Practice4", "Practice4\Practice4.vcxproj", "{A532BC87-BB47-4FB0-A44B-78091EB32602}"
EndProject
Project("{8BC9CEB8-8B4A-11D0-8D11-00A0C91BC942}") = "Practice5", "Practice5\Practice5.vcxproj", "{20278B21-2EC5-4ACB-A71D-2D6795BAC741}"
EndProject
Project("{8BC9CEB8-8B4A-11D0-8D11-00A0C91BC942}") = "Practice6", "Practice6\Practice6.vcxproj", "{D7730BAD-2703-49B4-8CD8-9A9BA5E7FE53}"
EndProject
Global
	GlobalSection(SolutionConfigurationPlatforms) = preSolution
		Debug|x64 = Debug|x64
		Debug|x86 = Debug|x86
		Release|x64 = Release|x64
		Release|x86 = Release|x86
	EndGlobalSection
	GlobalSection(ProjectConfigurationPlatforms) = postSolution
		{C4016761-94DD-45F6-A869-53D2C7AF50A5}.Debug|x64.ActiveCfg = Debug|x64
		{C4016761-94DD-45F6-A869-53D2C7AF50A5}.Debug|x64.Build.0 = Debug|x64
		{C4016761-94DD-45F6-A869-53D2C7AF50A5}.Debug|x86.ActiveCfg = Debug|Win32
		{C4016761-94DD-45F6-A869-53D2C7AF50A5}.Debug|x86.Build.0 = Debug|Win32
		{C4016761-94DD-45F6-A869-53D2C7AF50A5}.Release|x64.ActiveCfg = Release|x64
		{C4016761-94DD-45F6-A869-53D2C7AF50A5}.Release|x64.Build.0 = Release|x64
		{C4016761-94DD-45F6-A869-53D2C7AF50A5}.Release|x86.ActiveCfg = Release|Win32
		{C4016761-94DD-45F6-A869-53D2C7AF50A5}.Release|x86.Build.0 = Release|Win32
		{163D7858-2ED5-408D-8909-36E1E36ECD71}.Debug|x64.ActiveCfg = Debug|x64
		{163D7858-2ED5-408D-8909-36E1E36ECD71}.Debug|x64.Build.0 = Debug|x64
		{163D7858-2ED5-408D-8909-36E1E36ECD71}.Debug|x86.ActiveCfg = Debug|Win32
		{163D7858-2ED5-408D-8909-36E1E36ECD71}.Debug|x86.Build.0 = Debug|Win32
		{163D7858-2ED5-408D-8909-36E1E36ECD71}.Release|x64.ActiveCfg = Release|x64
		{163D7858-2ED5-408D-8909-36E1E36ECD71}.Release|x64.Build.0 = Release|x64
		{163D7858-2ED5-408D-8909-36E1E36ECD71}.Release|x86.ActiveCfg = Release|Win32
		{163D7858-2ED5-408D-8909-36E1E36ECD71}.Release|x86.Build.0 = Release|Win32
		{7B81D65A-BAC6-4EA1-A5E8-9610983D9F3F}.Debug|x64.ActiveCfg = Debug|x64
		{7B81D65A-BAC6-4EA1-A5E8-9610983D9F3F}.Debug|x64.Build.0 = Debug|x64
		{7B81D65A-BAC6-4EA1-A5E8-9610983D9F3F}.Debug|x86.ActiveCfg = Debug|Win32
		{7B81D65A-BAC6-4EA1-A5E8-9610983D9F3F}.Debug|x86.Build.0 = Debug|Win32
		{7B81D65A-BAC6-4EA1-A5E8-9610983D9F3F}.Release|x64.ActiveCfg = Release|x64
		{7B81D65A-BAC6-4EA1-A5E8-9610983D9F3F}.Release|x64.Build.0 = Release|x64
		{7B81D65A-BAC6-4EA1-A5E8-9610983D9F3F}.Release|x86.ActiveCfg = Release|Win32
		{7B81D65A-BAC6-4EA1-A5E8-9610983D9F3F}.Release|x86.Build.0 = Release|Win32
		{172CACD1-A190-4C83-B204-D74F68B55741}.Debug|x64.ActiveCfg = Debug|x64
		{172CACD1-A190-4C83-B204-D74F68B55741}.Debug|x64.Build.0 = Debug|x64
		{172CACD1-A190-4C83-B204-D74F68B55741}.Debug|x86.ActiveCfg = Debug|Win32
		{172CACD1-A190-4C83-B204-D74F68B55741}.Debug|x86.Build.0 = Debug|Win32
		{172CACD1-A190-4C83-B204-D74F68B55741}.Release|x64.ActiveCfg = Release|x64
		{172CACD1-A190-4C83-B204-D74F68B55741}.Release|x64.Build.0 = Release|x64
		{172CACD1-A190-4C83-B204-D74F68B55741}.Release|x86.ActiveCfg = Release|Win32
		{172CACD1-A190-4C83-B204-D74F68B55741}.Release|x86.Build.0 = Release|Win32
		{4F67CECD-A9F7-487F-93D6-FAB4EE4BE319}.Debug|x64.ActiveCfg = Debug|x64
		{4F67CECD-A9F7-487F-93D6-FAB4EE4BE319}.Debug|x64.Build.0 = Debug|x64
		{4F67CECD-A9F7-487F-93D6-FAB4EE4BE319}.Debug|x86.ActiveCfg = Debug|Win32
		{4F67CECD-A9F7-487F-93D6-FAB4EE4BE319}.Debug|x86.Build.0 = Debug|Win32
		{4F67CECD-A9F7-487F-93D6-FAB4EE4BE319}.Release|x64.ActiveCfg = Release|x64
		{4F67CECD-A9F7-487F-93D6-FAB4EE4BE319}.Release|x64.Build.0 = Release|x64
		{4F67CECD-A9F7-487F-93D6-FAB4EE4BE319}.Release|x86.ActiveCfg = Release|Win32
		{4F67CECD-A9F7-487F-93D6-FAB4EE4BE319}.Release|x86.Build.0 = Release|Win32
		{A532BC87-BB47-4FB0-A44B-78091EB32602}.Debug|x64.ActiveCfg = Debug|x64
		{A532BC87-BB47-4FB0-A44B-78091EB32602}.Debug|x64.Build.0 = Debug|x64
		{A532BC87-BB47-4FB0-A44B-78091EB32602}.Debug|x86.ActiveCfg = Debug|Win32
		{A532BC87-BB47-4FB0-A44B-78091EB32602}.Debug|x86.Build.0 = Debug|Win32
		{A532BC87-BB47-4FB0-A44B-78091EB32602}.Release|x64.ActiveCfg = Release|x64
		{A532BC87-BB47-4FB0-A44B-78091EB32602}.Release|x64.Build.0 = Release|x64
		{A532BC87-BB47-4FB0-A44B-78091EB32602}.Release|x86.ActiveCfg = Release|Win32
		{A532BC87-BB47-4FB0-A44B-78091EB32602}.Release|x86.Build.0 = Release|Win32
		{20278B21-2EC5-4ACB-A71D-2D6795BAC741}.Debug|x64.ActiveCfg = Debug|x64
		{20278B21-2EC5-4ACB-A71D-2D6795BAC741}.Debug|x64.Build.0 = Debug|x64
		{20278B21-2EC5-4ACB-A71D-2D6795BAC741}.Debug|x86.ActiveCfg = Debug|Win32
		{20278B21-2EC5-4ACB-A71D-2D6795BAC741}.Debug|x86.Build.0 = Debug|Win32
		{20278B21-2EC5-4ACB-A71D-2D6795BAC741}.Release|x64.ActiveCfg = Release|x64
		{20278B21-2EC5-4ACB-A71D-2D6795BAC741}.Release|x64.Build.0 = Release|x64
		{20278B21-2EC5-4ACB-A71D-2D6795BAC741}.Release|x86.ActiveCfg = Release|Win32
		{20278B21-2EC5-4ACB-A71D-2D6795BAC741}.Release|x86.Build.0 = Release|Win32
		{D7730BAD-2703-49B4-8CD8-9A9BA5E7FE53}.Debug|x64.ActiveCfg = Debug|x64
		{D7730BAD-2703-49B4-8CD8-9A9BA5E7FE53}.Debug|x64.Build.0 = Debug|x64
		{D7730BAD-2703-49B4-8CD8-9A9BA5E7FE53}.Debug|x86.ActiveCfg = Debug|Win32
		{D7730BAD-2703-49B4-8CD8-9A9BA5E7FE53}.Debug|x86.Build.0 = Debug|Win32
		{D7730BAD-2703-49B4-8CD8-9A9BA5E7FE53}.Release|x64.ActiveCfg = Release|x64
		{D7730BAD-2703-49B4-8CD8-9A9BA5E7FE53}.Release|x64.Build.0 = Release|x64
		{D7730BAD-2703-49B4-8CD8-9A9BA5E7FE53}.Release|x86.ActiveCfg = Release|Win32
		{D7730BAD-2703-49B4-8CD8-9A9BA5E7FE53}.Release|x86.Build.0 = Release|Win32
	EndGlobalSection
	GlobalSection(SolutionProperties) = preSolution
		HideSolutionNode = FALSE
	EndGlobalSection
	GlobalSection(ExtensibilityGlobals) = postSolution
		SolutionGuid = {41AA6743-7196-4F81-A27A-A06264B345C9}
	EndGlobalSection
EndGlobal
